
Microsoft Visual Studio Solution File, Format Version 12.00
# Visual Studio Version 17
VisualStudioVersion = 17.14.36310.24 d17.14
MinimumVisualStudioVersion = 10.0.40219.1
Project("{FAE04EC0-301F-11D3-BF4B-00C04F79EFBC}") = "Exe_Mant", "Exe_Mant\Exe_Mant.csproj", "{95F7AE1E-F337-4636-92C1-695ED201ED54}"
EndProject
Global
	GlobalSection(SolutionConfigurationPlatforms) = preSolution
		Debug|Any CPU = Debug|Any CPU
		Release|Any CPU = Release|Any CPU
	EndGlobalSection
	GlobalSection(ProjectConfigurationPlatforms) = postSolution
		{95F7AE1E-F337-4636-92C1-695ED201ED54}.Debug|Any CPU.ActiveCfg = Debug|Any CPU
		{95F7AE1E-F337-4636-92C1-695ED201ED54}.Debug|Any CPU.Build.0 = Debug|Any CPU
		{95F7AE1E-F337-4636-92C1-695ED201ED54}.Release|Any CPU.ActiveCfg = Release|Any CPU
		{95F7AE1E-F337-4636-92C1-695ED201ED54}.Release|Any CPU.Build.0 = Release|Any CPU
	EndGlobalSection
	GlobalSection(SolutionProperties) = preSolution
		HideSolutionNode = FALSE
	EndGlobalSection
	GlobalSection(ExtensibilityGlobals) = postSolution
		SolutionGuid = {90DF5407-7372-4823-97D2-C2BBFDFE4C8D}
	EndGlobalSection
EndGlobal
