
Microsoft Visual Studio Solution File, Format Version 12.00
# Visual Studio Version 17
VisualStudioVersion = 17.14.37614.0 d17.14
MinimumVisualStudioVersion = 10.0.40219.1
Project("{FAE04EC0-301F-11D3-BF4B-00C04F79EFBC}") = "Ejecutable_Auditoria", "Ejecutable_Auditoria\Ejecutable_Auditoria.csproj", "{83911400-0678-4DA4-BE41-63EE5EE4098C}"
EndProject
Global
	GlobalSection(SolutionConfigurationPlatforms) = preSolution
		Debug|Any CPU = Debug|Any CPU
		Release|Any CPU = Release|Any CPU
	EndGlobalSection
	GlobalSection(ProjectConfigurationPlatforms) = postSolution
		{83911400-0678-4DA4-BE41-63EE5EE4098C}.Debug|Any CPU.ActiveCfg = Debug|Any CPU
		{83911400-0678-4DA4-BE41-63EE5EE4098C}.Debug|Any CPU.Build.0 = Debug|Any CPU
		{83911400-0678-4DA4-BE41-63EE5EE4098C}.Release|Any CPU.ActiveCfg = Release|Any CPU
		{83911400-0678-4DA4-BE41-63EE5EE4098C}.Release|Any CPU.Build.0 = Release|Any CPU
	EndGlobalSection
	GlobalSection(SolutionProperties) = preSolution
		HideSolutionNode = FALSE
	EndGlobalSection
	GlobalSection(ExtensibilityGlobals) = postSolution
		SolutionGuid = {14E58531-B2E8-4F51-8D48-4C5F13F0BAA6}
	EndGlobalSection
EndGlobal
