
Microsoft Visual Studio Solution File, Format Version 12.00
# Visual Studio Version 17
VisualStudioVersion = 17.14.37614.0 d17.14
MinimumVisualStudioVersion = 10.0.40219.1
Project("{FAE04EC0-301F-11D3-BF4B-00C04F79EFBC}") = "Capa_Vista_Recursos", "Capa_Vista_Recursos\Capa_Vista_Recursos.csproj", "{3B874973-E1F5-4248-B257-D4F23CF2B9DC}"
EndProject
Project("{FAE04EC0-301F-11D3-BF4B-00C04F79EFBC}") = "Capa_Modelo_Recursos", "Capa_Modelo_Recursos\Capa_Modelo_Recursos.csproj", "{997AEDEC-293B-4830-9B2C-4308740C98BB}"
EndProject
Project("{FAE04EC0-301F-11D3-BF4B-00C04F79EFBC}") = "Capa_Controlador_Recursos", "Capa_Controlador_Recursos\Capa_Controlador_Recursos.csproj", "{CBB87ED2-26C4-4170-843F-400B59373E80}"
EndProject
Global
	GlobalSection(SolutionConfigurationPlatforms) = preSolution
		Debug|Any CPU = Debug|Any CPU
		Release|Any CPU = Release|Any CPU
	EndGlobalSection
	GlobalSection(ProjectConfigurationPlatforms) = postSolution
		{3B874973-E1F5-4248-B257-D4F23CF2B9DC}.Debug|Any CPU.ActiveCfg = Debug|Any CPU
		{3B874973-E1F5-4248-B257-D4F23CF2B9DC}.Debug|Any CPU.Build.0 = Debug|Any CPU
		{3B874973-E1F5-4248-B257-D4F23CF2B9DC}.Release|Any CPU.ActiveCfg = Release|Any CPU
		{3B874973-E1F5-4248-B257-D4F23CF2B9DC}.Release|Any CPU.Build.0 = Release|Any CPU
		{997AEDEC-293B-4830-9B2C-4308740C98BB}.Debug|Any CPU.ActiveCfg = Debug|Any CPU
		{997AEDEC-293B-4830-9B2C-4308740C98BB}.Debug|Any CPU.Build.0 = Debug|Any CPU
		{997AEDEC-293B-4830-9B2C-4308740C98BB}.Release|Any CPU.ActiveCfg = Release|Any CPU
		{997AEDEC-293B-4830-9B2C-4308740C98BB}.Release|Any CPU.Build.0 = Release|Any CPU
		{CBB87ED2-26C4-4170-843F-400B59373E80}.Debug|Any CPU.ActiveCfg = Debug|Any CPU
		{CBB87ED2-26C4-4170-843F-400B59373E80}.Debug|Any CPU.Build.0 = Debug|Any CPU
		{CBB87ED2-26C4-4170-843F-400B59373E80}.Release|Any CPU.ActiveCfg = Release|Any CPU
		{CBB87ED2-26C4-4170-843F-400B59373E80}.Release|Any CPU.Build.0 = Release|Any CPU
	EndGlobalSection
	GlobalSection(SolutionProperties) = preSolution
		HideSolutionNode = FALSE
	EndGlobalSection
	GlobalSection(ExtensibilityGlobals) = postSolution
		SolutionGuid = {05B4215A-4CCD-4B06-8775-116214F9A04C}
	EndGlobalSection
EndGlobal
