
Microsoft Visual Studio Solution File, Format Version 12.00
# Visual Studio Version 17
VisualStudioVersion = 17.14.37710.0 d17.14
MinimumVisualStudioVersion = 10.0.40219.1
Project("{FAE04EC0-301F-11D3-BF4B-00C04F79EFBC}") = "Ejecucion_Mant_Areas", "Ejecucion_Mant_Areas\Ejecucion_Mant_Areas.csproj", "{413C4A0F-D469-4AD6-AD2B-E19BE6AD790E}"
EndProject
Global
	GlobalSection(SolutionConfigurationPlatforms) = preSolution
		Debug|Any CPU = Debug|Any CPU
		Release|Any CPU = Release|Any CPU
	EndGlobalSection
	GlobalSection(ProjectConfigurationPlatforms) = postSolution
		{413C4A0F-D469-4AD6-AD2B-E19BE6AD790E}.Debug|Any CPU.ActiveCfg = Debug|Any CPU
		{413C4A0F-D469-4AD6-AD2B-E19BE6AD790E}.Debug|Any CPU.Build.0 = Debug|Any CPU
		{413C4A0F-D469-4AD6-AD2B-E19BE6AD790E}.Release|Any CPU.ActiveCfg = Release|Any CPU
		{413C4A0F-D469-4AD6-AD2B-E19BE6AD790E}.Release|Any CPU.Build.0 = Release|Any CPU
	EndGlobalSection
	GlobalSection(SolutionProperties) = preSolution
		HideSolutionNode = FALSE
	EndGlobalSection
	GlobalSection(ExtensibilityGlobals) = postSolution
		SolutionGuid = {5E75BAFE-C5E4-4692-98B8-C3AAC9F9DCEA}
	EndGlobalSection
EndGlobal
