
Microsoft Visual Studio Solution File, Format Version 12.00
# Visual Studio Version 17
VisualStudioVersion = 17.14.37216.2 d17.14
MinimumVisualStudioVersion = 10.0.40219.1
Project("{FAE04EC0-301F-11D3-BF4B-00C04F79EFBC}") = "Capa_Controlador_PY", "Capa_Controlador_PY\Capa_Controlador_PY.csproj", "{84622085-63F7-4BA8-976C-EB7F38955309}"
EndProject
Project("{FAE04EC0-301F-11D3-BF4B-00C04F79EFBC}") = "Capa_Modelo_PY", "Capa_Modelo_PY\Capa_Modelo_PY.csproj", "{7D303F8A-F5EB-4989-804F-31F4A3AEAB75}"
EndProject
Project("{FAE04EC0-301F-11D3-BF4B-00C04F79EFBC}") = "Capa_Vista_PY", "Capa_Vista_PY\Capa_Vista_PY.csproj", "{5BF50B68-6805-4961-9679-73BCE63C58BB}"
EndProject
Global
	GlobalSection(SolutionConfigurationPlatforms) = preSolution
		Debug|Any CPU = Debug|Any CPU
		Release|Any CPU = Release|Any CPU
	EndGlobalSection
	GlobalSection(ProjectConfigurationPlatforms) = postSolution
		{84622085-63F7-4BA8-976C-EB7F38955309}.Debug|Any CPU.ActiveCfg = Debug|Any CPU
		{84622085-63F7-4BA8-976C-EB7F38955309}.Debug|Any CPU.Build.0 = Debug|Any CPU
		{84622085-63F7-4BA8-976C-EB7F38955309}.Release|Any CPU.ActiveCfg = Release|Any CPU
		{84622085-63F7-4BA8-976C-EB7F38955309}.Release|Any CPU.Build.0 = Release|Any CPU
		{7D303F8A-F5EB-4989-804F-31F4A3AEAB75}.Debug|Any CPU.ActiveCfg = Debug|Any CPU
		{7D303F8A-F5EB-4989-804F-31F4A3AEAB75}.Debug|Any CPU.Build.0 = Debug|Any CPU
		{7D303F8A-F5EB-4989-804F-31F4A3AEAB75}.Release|Any CPU.ActiveCfg = Release|Any CPU
		{7D303F8A-F5EB-4989-804F-31F4A3AEAB75}.Release|Any CPU.Build.0 = Release|Any CPU
		{5BF50B68-6805-4961-9679-73BCE63C58BB}.Debug|Any CPU.ActiveCfg = Debug|Any CPU
		{5BF50B68-6805-4961-9679-73BCE63C58BB}.Debug|Any CPU.Build.0 = Debug|Any CPU
		{5BF50B68-6805-4961-9679-73BCE63C58BB}.Release|Any CPU.ActiveCfg = Release|Any CPU
		{5BF50B68-6805-4961-9679-73BCE63C58BB}.Release|Any CPU.Build.0 = Release|Any CPU
	EndGlobalSection
	GlobalSection(SolutionProperties) = preSolution
		HideSolutionNode = FALSE
	EndGlobalSection
	GlobalSection(ExtensibilityGlobals) = postSolution
		SolutionGuid = {D804E9E3-C0AA-4F16-854F-2EB32E015CF3}
	EndGlobalSection
EndGlobal
