
Microsoft Visual Studio Solution File, Format Version 12.00
# Visual Studio Version 17
VisualStudioVersion = 17.14.37710.0 d17.14
MinimumVisualStudioVersion = 10.0.40219.1
Project("{FAE04EC0-301F-11D3-BF4B-00C04F79EFBC}") = "Capa_Controlador_Areas", "MVC_MANT_AREAS\Capa_Controlador_Areas.csproj", "{898289EE-5F5B-4E15-B97C-297AE53747FA}"
EndProject
Project("{FAE04EC0-301F-11D3-BF4B-00C04F79EFBC}") = "Capa_Modelo_Areas", "Capa_Modelo_Areas\Capa_Modelo_Areas.csproj", "{AAFA1639-DC94-47AB-A92C-5779D113A5D0}"
EndProject
Project("{FAE04EC0-301F-11D3-BF4B-00C04F79EFBC}") = "Capa_Vista_Areas", "Capa_Vista_Areas\Capa_Vista_Areas.csproj", "{5D98F96D-F33F-40A7-BC90-2B919FB743AF}"
EndProject
Global
	GlobalSection(SolutionConfigurationPlatforms) = preSolution
		Debug|Any CPU = Debug|Any CPU
		Release|Any CPU = Release|Any CPU
	EndGlobalSection
	GlobalSection(ProjectConfigurationPlatforms) = postSolution
		{898289EE-5F5B-4E15-B97C-297AE53747FA}.Debug|Any CPU.ActiveCfg = Debug|Any CPU
		{898289EE-5F5B-4E15-B97C-297AE53747FA}.Debug|Any CPU.Build.0 = Debug|Any CPU
		{898289EE-5F5B-4E15-B97C-297AE53747FA}.Release|Any CPU.ActiveCfg = Release|Any CPU
		{898289EE-5F5B-4E15-B97C-297AE53747FA}.Release|Any CPU.Build.0 = Release|Any CPU
		{AAFA1639-DC94-47AB-A92C-5779D113A5D0}.Debug|Any CPU.ActiveCfg = Debug|Any CPU
		{AAFA1639-DC94-47AB-A92C-5779D113A5D0}.Debug|Any CPU.Build.0 = Debug|Any CPU
		{AAFA1639-DC94-47AB-A92C-5779D113A5D0}.Release|Any CPU.ActiveCfg = Release|Any CPU
		{AAFA1639-DC94-47AB-A92C-5779D113A5D0}.Release|Any CPU.Build.0 = Release|Any CPU
		{5D98F96D-F33F-40A7-BC90-2B919FB743AF}.Debug|Any CPU.ActiveCfg = Debug|Any CPU
		{5D98F96D-F33F-40A7-BC90-2B919FB743AF}.Debug|Any CPU.Build.0 = Debug|Any CPU
		{5D98F96D-F33F-40A7-BC90-2B919FB743AF}.Release|Any CPU.ActiveCfg = Release|Any CPU
		{5D98F96D-F33F-40A7-BC90-2B919FB743AF}.Release|Any CPU.Build.0 = Release|Any CPU
	EndGlobalSection
	GlobalSection(SolutionProperties) = preSolution
		HideSolutionNode = FALSE
	EndGlobalSection
	GlobalSection(ExtensibilityGlobals) = postSolution
		SolutionGuid = {7A52FF06-1FE3-4954-A6BC-F3D754D71F62}
	EndGlobalSection
EndGlobal
