
Microsoft Visual Studio Solution File, Format Version 12.00
# Visual Studio Version 17
VisualStudioVersion = 17.14.37502.11 d17.14
MinimumVisualStudioVersion = 10.0.40219.1
Project("{FAE04EC0-301F-11D3-BF4B-00C04F79EFBC}") = "Mantenimiento_Estado_Informe", "Mantenimiento_Estado_Informe\Mantenimiento_Estado_Informe.csproj", "{7399F6FF-0921-4702-B7A0-DB2F8308A125}"
EndProject
Global
	GlobalSection(SolutionConfigurationPlatforms) = preSolution
		Debug|Any CPU = Debug|Any CPU
		Release|Any CPU = Release|Any CPU
	EndGlobalSection
	GlobalSection(ProjectConfigurationPlatforms) = postSolution
		{7399F6FF-0921-4702-B7A0-DB2F8308A125}.Debug|Any CPU.ActiveCfg = Debug|Any CPU
		{7399F6FF-0921-4702-B7A0-DB2F8308A125}.Debug|Any CPU.Build.0 = Debug|Any CPU
		{7399F6FF-0921-4702-B7A0-DB2F8308A125}.Release|Any CPU.ActiveCfg = Release|Any CPU
		{7399F6FF-0921-4702-B7A0-DB2F8308A125}.Release|Any CPU.Build.0 = Release|Any CPU
	EndGlobalSection
	GlobalSection(SolutionProperties) = preSolution
		HideSolutionNode = FALSE
	EndGlobalSection
	GlobalSection(ExtensibilityGlobals) = postSolution
		SolutionGuid = {4BF1B93D-0E34-4EAB-9CBA-656C54F5CBAF}
	EndGlobalSection
EndGlobal
