
Microsoft Visual Studio Solution File, Format Version 12.00
# Visual Studio Version 17
VisualStudioVersion = 17.14.36930.0 d17.14
MinimumVisualStudioVersion = 10.0.40219.1
Project("{FAE04EC0-301F-11D3-BF4B-00C04F79EFBC}") = "Ejecutable_Actividades", "Ejecutable_Actividades\Ejecutable_Actividades.csproj", "{E066AD44-AFA9-4772-9ECF-A6DBC8129F31}"
EndProject
Global
	GlobalSection(SolutionConfigurationPlatforms) = preSolution
		Debug|Any CPU = Debug|Any CPU
		Release|Any CPU = Release|Any CPU
	EndGlobalSection
	GlobalSection(ProjectConfigurationPlatforms) = postSolution
		{E066AD44-AFA9-4772-9ECF-A6DBC8129F31}.Debug|Any CPU.ActiveCfg = Debug|Any CPU
		{E066AD44-AFA9-4772-9ECF-A6DBC8129F31}.Debug|Any CPU.Build.0 = Debug|Any CPU
		{E066AD44-AFA9-4772-9ECF-A6DBC8129F31}.Release|Any CPU.ActiveCfg = Release|Any CPU
		{E066AD44-AFA9-4772-9ECF-A6DBC8129F31}.Release|Any CPU.Build.0 = Release|Any CPU
	EndGlobalSection
	GlobalSection(SolutionProperties) = preSolution
		HideSolutionNode = FALSE
	EndGlobalSection
	GlobalSection(ExtensibilityGlobals) = postSolution
		SolutionGuid = {37F9C208-7873-4D6C-A731-28598C5FD9DF}
	EndGlobalSection
EndGlobal
